// !$*UTF8*$!
{
	archiveVersion = 1;
	classes = {
	};
	objectVersion = 56;
	objects = {

/* Begin PBXBuildFile section */
		D906361A29B2A04400FAFE6B /* User.swift in Sources */ = {isa = PBXBuildFile; fileRef = D906361929B2A04400FAFE6B /* User.swift */; };
		D937EC8629D5B788004EB56B /* LogInView.swift in Sources */ = {isa = PBXBuildFile; fileRef = D937EC8529D5B788004EB56B /* LogInView.swift */; };
		D937EC8929D5B79C004EB56B /* SignInView.swift in Sources */ = {isa = PBXBuildFile; fileRef = D937EC8829D5B79C004EB56B /* SignInView.swift */; };
		D937EC8C29D5B7BD004EB56B /* SignUpView.swift in Sources */ = {isa = PBXBuildFile; fileRef = D937EC8B29D5B7BC004EB56B /* SignUpView.swift */; };
		D937EC8F29D5B7FF004EB56B /* SignUpPictureView.swift in Sources */ = {isa = PBXBuildFile; fileRef = D937EC8E29D5B7FF004EB56B /* SignUpPictureView.swift */; };
		D937EC9129D5B896004EB56B /* ColorExtension.swift in Sources */ = {isa = PBXBuildFile; fileRef = D937EC9029D5B896004EB56B /* ColorExtension.swift */; };
		D9FD07F629AA476200D53DE5 /* Blugit_v2App.swift in Sources */ = {isa = PBXBuildFile; fileRef = D9FD07F529AA476200D53DE5 /* Blugit_v2App.swift */; };
		D9FD07F829AA476200D53DE5 /* HomeView.swift in Sources */ = {isa = PBXBuildFile; fileRef = D9FD07F729AA476200D53DE5 /* HomeView.swift */; };
		D9FD07FA29AA476400D53DE5 /* Assets.xcassets in Resources */ = {isa = PBXBuildFile; fileRef = D9FD07F929AA476400D53DE5 /* Assets.xcassets */; };
		D9FD07FD29AA476400D53DE5 /* Preview Assets.xcassets in Resources */ = {isa = PBXBuildFile; fileRef = D9FD07FC29AA476400D53DE5 /* Preview Assets.xcassets */; };
		D9FD080729AA476400D53DE5 /* Blugit_v2Tests.swift in Sources */ = {isa = PBXBuildFile; fileRef = D9FD080629AA476400D53DE5 /* Blugit_v2Tests.swift */; };
		D9FD081129AA476400D53DE5 /* Blugit_v2UITests.swift in Sources */ = {isa = PBXBuildFile; fileRef = D9FD081029AA476400D53DE5 /* Blugit_v2UITests.swift */; };
		D9FD081329AA476400D53DE5 /* Blugit_v2UITestsLaunchTests.swift in Sources */ = {isa = PBXBuildFile; fileRef = D9FD081229AA476400D53DE5 /* Blugit_v2UITestsLaunchTests.swift */; };
		D9FD082329AA479B00D53DE5 /* Designer.otf in Resources */ = {isa = PBXBuildFile; fileRef = D9FD082229AA479B00D53DE5 /* Designer.otf */; };
		D9FD082729AA485F00D53DE5 /* HomeViewModel.swift in Sources */ = {isa = PBXBuildFile; fileRef = D9FD082629AA485F00D53DE5 /* HomeViewModel.swift */; };
		D9FD082929AA61F100D53DE5 /* Game.swift in Sources */ = {isa = PBXBuildFile; fileRef = D9FD082829AA61F100D53DE5 /* Game.swift */; };
		D9FD082B29AA636500D53DE5 /* Comment.swift in Sources */ = {isa = PBXBuildFile; fileRef = D9FD082A29AA636500D53DE5 /* Comment.swift */; };
/* End PBXBuildFile section */

/* Begin PBXContainerItemProxy section */
		D9FD080329AA476400D53DE5 /* PBXContainerItemProxy */ = {
			isa = PBXContainerItemProxy;
			containerPortal = D9FD07EA29AA476200D53DE5 /* Project object */;
			proxyType = 1;
			remoteGlobalIDString = D9FD07F129AA476200D53DE5;
			remoteInfo = Blugit_v2;
		};
		D9FD080D29AA476400D53DE5 /* PBXContainerItemProxy */ = {
			isa = PBXContainerItemProxy;
			containerPortal = D9FD07EA29AA476200D53DE5 /* Project object */;
			proxyType = 1;
			remoteGlobalIDString = D9FD07F129AA476200D53DE5;
			remoteInfo = Blugit_v2;
		};
/* End PBXContainerItemProxy section */

/* Begin PBXFileReference section */
		D906361929B2A04400FAFE6B /* User.swift */ = {isa = PBXFileReference; lastKnownFileType = sourcecode.swift; path = User.swift; sourceTree = "<group>"; };
		D937EC8529D5B788004EB56B /* LogInView.swift */ = {isa = PBXFileReference; lastKnownFileType = sourcecode.swift; path = LogInView.swift; sourceTree = "<group>"; };
		D937EC8829D5B79C004EB56B /* SignInView.swift */ = {isa = PBXFileReference; lastKnownFileType = sourcecode.swift; path = SignInView.swift; sourceTree = "<group>"; };
		D937EC8B29D5B7BC004EB56B /* SignUpView.swift */ = {isa = PBXFileReference; lastKnownFileType = sourcecode.swift; path = SignUpView.swift; sourceTree = "<group>"; };
		D937EC8E29D5B7FF004EB56B /* SignUpPictureView.swift */ = {isa = PBXFileReference; lastKnownFileType = sourcecode.swift; path = SignUpPictureView.swift; sourceTree = "<group>"; };
		D937EC9029D5B896004EB56B /* ColorExtension.swift */ = {isa = PBXFileReference; lastKnownFileType = sourcecode.swift; path = ColorExtension.swift; sourceTree = "<group>"; };
		D9FD07F229AA476200D53DE5 /* Blugit_v2.app */ = {isa = PBXFileReference; explicitFileType = wrapper.application; includeInIndex = 0; path = Blugit_v2.app; sourceTree = BUILT_PRODUCTS_DIR; };
		D9FD07F529AA476200D53DE5 /* Blugit_v2App.swift */ = {isa = PBXFileReference; lastKnownFileType = sourcecode.swift; path = Blugit_v2App.swift; sourceTree = "<group>"; };
		D9FD07F729AA476200D53DE5 /* HomeView.swift */ = {isa = PBXFileReference; lastKnownFileType = sourcecode.swift; path = HomeView.swift; sourceTree = "<group>"; };
		D9FD07F929AA476400D53DE5 /* Assets.xcassets */ = {isa = PBXFileReference; lastKnownFileType = folder.assetcatalog; path = Assets.xcassets; sourceTree = "<group>"; };
		D9FD07FC29AA476400D53DE5 /* Preview Assets.xcassets */ = {isa = PBXFileReference; lastKnownFileType = folder.assetcatalog; path = "Preview Assets.xcassets"; sourceTree = "<group>"; };
		D9FD080229AA476400D53DE5 /* Blugit_v2Tests.xctest */ = {isa = PBXFileReference; explicitFileType = wrapper.cfbundle; includeInIndex = 0; path = Blugit_v2Tests.xctest; sourceTree = BUILT_PRODUCTS_DIR; };
		D9FD080629AA476400D53DE5 /* Blugit_v2Tests.swift */ = {isa = PBXFileReference; lastKnownFileType = sourcecode.swift; path = Blugit_v2Tests.swift; sourceTree = "<group>"; };
		D9FD080C29AA476400D53DE5 /* Blugit_v2UITests.xctest */ = {isa = PBXFileReference; explicitFileType = wrapper.cfbundle; includeInIndex = 0; path = Blugit_v2UITests.xctest; sourceTree = BUILT_PRODUCTS_DIR; };
		D9FD081029AA476400D53DE5 /* Blugit_v2UITests.swift */ = {isa = PBXFileReference; lastKnownFileType = sourcecode.swift; path = Blugit_v2UITests.swift; sourceTree = "<group>"; };
		D9FD081229AA476400D53DE5 /* Blugit_v2UITestsLaunchTests.swift */ = {isa = PBXFileReference; lastKnownFileType = sourcecode.swift; path = Blugit_v2UITestsLaunchTests.swift; sourceTree = "<group>"; };
		D9FD082229AA479B00D53DE5 /* Designer.otf */ = {isa = PBXFileReference; lastKnownFileType = file; path = Designer.otf; sourceTree = "<group>"; };
		D9FD082429AA482300D53DE5 /* Blugit-v2-Info.plist */ = {isa = PBXFileReference; lastKnownFileType = text.plist.xml; name = "Blugit-v2-Info.plist"; path = "Blugit_v2/Supporting Files/Blugit-v2-Info.plist"; sourceTree = SOURCE_ROOT; };
		D9FD082629AA485F00D53DE5 /* HomeViewModel.swift */ = {isa = PBXFileReference; lastKnownFileType = sourcecode.swift; path = HomeViewModel.swift; sourceTree = "<group>"; };
		D9FD082829AA61F100D53DE5 /* Game.swift */ = {isa = PBXFileReference; lastKnownFileType = sourcecode.swift; path = Game.swift; sourceTree = "<group>"; };
		D9FD082A29AA636500D53DE5 /* Comment.swift */ = {isa = PBXFileReference; lastKnownFileType = sourcecode.swift; path = Comment.swift; sourceTree = "<group>"; };
/* End PBXFileReference section */

/* Begin PBXFrameworksBuildPhase section */
		D9FD07EF29AA476200D53DE5 /* Frameworks */ = {
			isa = PBXFrameworksBuildPhase;
			buildActionMask = 2147483647;
			files = (
			);
			runOnlyForDeploymentPostprocessing = 0;
		};
		D9FD07FF29AA476400D53DE5 /* Frameworks */ = {
			isa = PBXFrameworksBuildPhase;
			buildActionMask = 2147483647;
			files = (
			);
			runOnlyForDeploymentPostprocessing = 0;
		};
		D9FD080929AA476400D53DE5 /* Frameworks */ = {
			isa = PBXFrameworksBuildPhase;
			buildActionMask = 2147483647;
			files = (
			);
			runOnlyForDeploymentPostprocessing = 0;
		};
/* End PBXFrameworksBuildPhase section */

/* Begin PBXGroup section */
		D906361829B29BD000FAFE6B /* Repository */ = {
			isa = PBXGroup;
			children = (
			);
			path = Repository;
			sourceTree = "<group>";
		};
		D937EC8129D5B760004EB56B /* Extensions */ = {
			isa = PBXGroup;
			children = (
				D937EC9029D5B896004EB56B /* ColorExtension.swift */,
			);
			name = Extensions;
			path = Model/Extensions;
			sourceTree = "<group>";
		};
		D937EC8229D5B767004EB56B /* Components */ = {
			isa = PBXGroup;
			children = (
			);
			path = Components;
			sourceTree = "<group>";
		};
		D937EC8329D5B771004EB56B /* HomeView */ = {
			isa = PBXGroup;
			children = (
				D9FD07F729AA476200D53DE5 /* HomeView.swift */,
			);
			path = HomeView;
			sourceTree = "<group>";
		};
		D937EC8429D5B779004EB56B /* LogInView */ = {
			isa = PBXGroup;
			children = (
				D937EC8529D5B788004EB56B /* LogInView.swift */,
			);
			path = LogInView;
			sourceTree = "<group>";
		};
		D937EC8729D5B78E004EB56B /* SignInView */ = {
			isa = PBXGroup;
			children = (
				D937EC8829D5B79C004EB56B /* SignInView.swift */,
			);
			path = SignInView;
			sourceTree = "<group>";
		};
		D937EC8A29D5B7A4004EB56B /* SignUpView */ = {
			isa = PBXGroup;
			children = (
				D937EC8B29D5B7BC004EB56B /* SignUpView.swift */,
			);
			path = SignUpView;
			sourceTree = "<group>";
		};
		D937EC8D29D5B7F5004EB56B /* SignUpPictureView */ = {
			isa = PBXGroup;
			children = (
				D937EC8E29D5B7FF004EB56B /* SignUpPictureView.swift */,
			);
			path = SignUpPictureView;
			sourceTree = "<group>";
		};
		D937EC9229D5B971004EB56B /* Supporting Files */ = {
			isa = PBXGroup;
			children = (
				D9FD082429AA482300D53DE5 /* Blugit-v2-Info.plist */,
				D9FD082229AA479B00D53DE5 /* Designer.otf */,
				D9FD07F929AA476400D53DE5 /* Assets.xcassets */,
				D9FD07FB29AA476400D53DE5 /* Preview Content */,
			);
			path = "Supporting Files";
			sourceTree = "<group>";
		};
		D9FD07E929AA476200D53DE5 = {
			isa = PBXGroup;
			children = (
				D9FD07F429AA476200D53DE5 /* Blugit_v2 */,
				D9FD080529AA476400D53DE5 /* Blugit_v2Tests */,
				D9FD080F29AA476400D53DE5 /* Blugit_v2UITests */,
				D9FD07F329AA476200D53DE5 /* Products */,
			);
			sourceTree = "<group>";
		};
		D9FD07F329AA476200D53DE5 /* Products */ = {
			isa = PBXGroup;
			children = (
				D9FD07F229AA476200D53DE5 /* Blugit_v2.app */,
				D9FD080229AA476400D53DE5 /* Blugit_v2Tests.xctest */,
				D9FD080C29AA476400D53DE5 /* Blugit_v2UITests.xctest */,
			);
			name = Products;
			sourceTree = "<group>";
		};
		D9FD07F429AA476200D53DE5 /* Blugit_v2 */ = {
			isa = PBXGroup;
			children = (
				D9FD07F529AA476200D53DE5 /* Blugit_v2App.swift */,
				D9FD082029AA477600D53DE5 /* Model */,
				D9FD081F29AA476F00D53DE5 /* View */,
				D9FD082129AA477F00D53DE5 /* ViewModel */,
				D906361829B29BD000FAFE6B /* Repository */,
				D937EC8129D5B760004EB56B /* Extensions */,
				D937EC9229D5B971004EB56B /* Supporting Files */,
			);
			path = Blugit_v2;
			sourceTree = "<group>";
		};
		D9FD07FB29AA476400D53DE5 /* Preview Content */ = {
			isa = PBXGroup;
			children = (
				D9FD07FC29AA476400D53DE5 /* Preview Assets.xcassets */,
			);
			path = "Preview Content";
			sourceTree = "<group>";
		};
		D9FD080529AA476400D53DE5 /* Blugit_v2Tests */ = {
			isa = PBXGroup;
			children = (
				D9FD080629AA476400D53DE5 /* Blugit_v2Tests.swift */,
			);
			path = Blugit_v2Tests;
			sourceTree = "<group>";
		};
		D9FD080F29AA476400D53DE5 /* Blugit_v2UITests */ = {
			isa = PBXGroup;
			children = (
				D9FD081029AA476400D53DE5 /* Blugit_v2UITests.swift */,
				D9FD081229AA476400D53DE5 /* Blugit_v2UITestsLaunchTests.swift */,
			);
			path = Blugit_v2UITests;
			sourceTree = "<group>";
		};
		D9FD081F29AA476F00D53DE5 /* View */ = {
			isa = PBXGroup;
			children = (
				D937EC8329D5B771004EB56B /* HomeView */,
				D937EC8A29D5B7A4004EB56B /* SignUpView */,
				D937EC8D29D5B7F5004EB56B /* SignUpPictureView */,
				D937EC8729D5B78E004EB56B /* SignInView */,
				D937EC8429D5B779004EB56B /* LogInView */,
				D937EC8229D5B767004EB56B /* Components */,
			);
			path = View;
			sourceTree = "<group>";
		};
		D9FD082029AA477600D53DE5 /* Model */ = {
			isa = PBXGroup;
			children = (
				D9FD082829AA61F100D53DE5 /* Game.swift */,
				D9FD082A29AA636500D53DE5 /* Comment.swift */,
				D906361929B2A04400FAFE6B /* User.swift */,
			);
			path = Model;
			sourceTree = "<group>";
		};
		D9FD082129AA477F00D53DE5 /* ViewModel */ = {
			isa = PBXGroup;
			children = (
				D9FD082629AA485F00D53DE5 /* HomeViewModel.swift */,
			);
			path = ViewModel;
			sourceTree = "<group>";
		};
/* End PBXGroup section */

/* Begin PBXNativeTarget section */
		D9FD07F129AA476200D53DE5 /* Blugit_v2 */ = {
			isa = PBXNativeTarget;
			buildConfigurationList = D9FD081629AA476400D53DE5 /* Build configuration list for PBXNativeTarget "Blugit_v2" */;
			buildPhases = (
				D9FD07EE29AA476200D53DE5 /* Sources */,
				D9FD07EF29AA476200D53DE5 /* Frameworks */,
				D9FD07F029AA476200D53DE5 /* Resources */,
			);
			buildRules = (
			);
			dependencies = (
			);
			name = Blugit_v2;
			productName = Blugit_v2;
			productReference = D9FD07F229AA476200D53DE5 /* Blugit_v2.app */;
			productType = "com.apple.product-type.application";
		};
		D9FD080129AA476400D53DE5 /* Blugit_v2Tests */ = {
			isa = PBXNativeTarget;
			buildConfigurationList = D9FD081929AA476400D53DE5 /* Build configuration list for PBXNativeTarget "Blugit_v2Tests" */;
			buildPhases = (
				D9FD07FE29AA476400D53DE5 /* Sources */,
				D9FD07FF29AA476400D53DE5 /* Frameworks */,
				D9FD080029AA476400D53DE5 /* Resources */,
			);
			buildRules = (
			);
			dependencies = (
				D9FD080429AA476400D53DE5 /* PBXTargetDependency */,
			);
			name = Blugit_v2Tests;
			productName = Blugit_v2Tests;
			productReference = D9FD080229AA476400D53DE5 /* Blugit_v2Tests.xctest */;
			productType = "com.apple.product-type.bundle.unit-test";
		};
		D9FD080B29AA476400D53DE5 /* Blugit_v2UITests */ = {
			isa = PBXNativeTarget;
			buildConfigurationList = D9FD081C29AA476400D53DE5 /* Build configuration list for PBXNativeTarget "Blugit_v2UITests" */;
			buildPhases = (
				D9FD080829AA476400D53DE5 /* Sources */,
				D9FD080929AA476400D53DE5 /* Frameworks */,
				D9FD080A29AA476400D53DE5 /* Resources */,
			);
			buildRules = (
			);
			dependencies = (
				D9FD080E29AA476400D53DE5 /* PBXTargetDependency */,
			);
			name = Blugit_v2UITests;
			productName = Blugit_v2UITests;
			productReference = D9FD080C29AA476400D53DE5 /* Blugit_v2UITests.xctest */;
			productType = "com.apple.product-type.bundle.ui-testing";
		};
/* End PBXNativeTarget section */

/* Begin PBXProject section */
		D9FD07EA29AA476200D53DE5 /* Project object */ = {
			isa = PBXProject;
			attributes = {
				BuildIndependentTargetsInParallel = 1;
				LastSwiftUpdateCheck = 1420;
				LastUpgradeCheck = 1420;
				TargetAttributes = {
					D9FD07F129AA476200D53DE5 = {
						CreatedOnToolsVersion = 14.2;
					};
					D9FD080129AA476400D53DE5 = {
						CreatedOnToolsVersion = 14.2;
						TestTargetID = D9FD07F129AA476200D53DE5;
					};
					D9FD080B29AA476400D53DE5 = {
						CreatedOnToolsVersion = 14.2;
						TestTargetID = D9FD07F129AA476200D53DE5;
					};
				};
			};
			buildConfigurationList = D9FD07ED29AA476200D53DE5 /* Build configuration list for PBXProject "Blugit_v2" */;
			compatibilityVersion = "Xcode 14.0";
			developmentRegion = en;
			hasScannedForEncodings = 0;
			knownRegions = (
				en,
				Base,
			);
			mainGroup = D9FD07E929AA476200D53DE5;
			productRefGroup = D9FD07F329AA476200D53DE5 /* Products */;
			projectDirPath = "";
			projectRoot = "";
			targets = (
				D9FD07F129AA476200D53DE5 /* Blugit_v2 */,
				D9FD080129AA476400D53DE5 /* Blugit_v2Tests */,
				D9FD080B29AA476400D53DE5 /* Blugit_v2UITests */,
			);
		};
/* End PBXProject section */

/* Begin PBXResourcesBuildPhase section */
		D9FD07F029AA476200D53DE5 /* Resources */ = {
			isa = PBXResourcesBuildPhase;
			buildActionMask = 2147483647;
			files = (
				D9FD082329AA479B00D53DE5 /* Designer.otf in Resources */,
				D9FD07FD29AA476400D53DE5 /* Preview Assets.xcassets in Resources */,
				D9FD07FA29AA476400D53DE5 /* Assets.xcassets in Resources */,
			);
			runOnlyForDeploymentPostprocessing = 0;
		};
		D9FD080029AA476400D53DE5 /* Resources */ = {
			isa = PBXResourcesBuildPhase;
			buildActionMask = 2147483647;
			files = (
			);
			runOnlyForDeploymentPostprocessing = 0;
		};
		D9FD080A29AA476400D53DE5 /* Resources */ = {
			isa = PBXResourcesBuildPhase;
			buildActionMask = 2147483647;
			files = (
			);
			runOnlyForDeploymentPostprocessing = 0;
		};
/* End PBXResourcesBuildPhase section */

/* Begin PBXSourcesBuildPhase section */
		D9FD07EE29AA476200D53DE5 /* Sources */ = {
			isa = PBXSourcesBuildPhase;
			buildActionMask = 2147483647;
			files = (
				D9FD082B29AA636500D53DE5 /* Comment.swift in Sources */,
				D937EC8629D5B788004EB56B /* LogInView.swift in Sources */,
				D9FD07F829AA476200D53DE5 /* HomeView.swift in Sources */,
				D906361A29B2A04400FAFE6B /* User.swift in Sources */,
				D9FD082729AA485F00D53DE5 /* HomeViewModel.swift in Sources */,
				D937EC8F29D5B7FF004EB56B /* SignUpPictureView.swift in Sources */,
				D9FD07F629AA476200D53DE5 /* Blugit_v2App.swift in Sources */,
				D937EC8929D5B79C004EB56B /* SignInView.swift in Sources */,
				D937EC8C29D5B7BD004EB56B /* SignUpView.swift in Sources */,
				D937EC9129D5B896004EB56B /* ColorExtension.swift in Sources */,
				D9FD082929AA61F100D53DE5 /* Game.swift in Sources */,
			);
			runOnlyForDeploymentPostprocessing = 0;
		};
		D9FD07FE29AA476400D53DE5 /* Sources */ = {
			isa = PBXSourcesBuildPhase;
			buildActionMask = 2147483647;
			files = (
				D9FD080729AA476400D53DE5 /* Blugit_v2Tests.swift in Sources */,
			);
			runOnlyForDeploymentPostprocessing = 0;
		};
		D9FD080829AA476400D53DE5 /* Sources */ = {
			isa = PBXSourcesBuildPhase;
			buildActionMask = 2147483647;
			files = (
				D9FD081129AA476400D53DE5 /* Blugit_v2UITests.swift in Sources */,
				D9FD081329AA476400D53DE5 /* Blugit_v2UITestsLaunchTests.swift in Sources */,
			);
			runOnlyForDeploymentPostprocessing = 0;
		};
/* End PBXSourcesBuildPhase section */

/* Begin PBXTargetDependency section */
		D9FD080429AA476400D53DE5 /* PBXTargetDependency */ = {
			isa = PBXTargetDependency;
			target = D9FD07F129AA476200D53DE5 /* Blugit_v2 */;
			targetProxy = D9FD080329AA476400D53DE5 /* PBXContainerItemProxy */;
		};
		D9FD080E29AA476400D53DE5 /* PBXTargetDependency */ = {
			isa = PBXTargetDependency;
			target = D9FD07F129AA476200D53DE5 /* Blugit_v2 */;
			targetProxy = D9FD080D29AA476400D53DE5 /* PBXContainerItemProxy */;
		};
/* End PBXTargetDependency section */

/* Begin XCBuildConfiguration section */
		D9FD081429AA476400D53DE5 /* Debug */ = {
			isa = XCBuildConfiguration;
			buildSettings = {
				ALWAYS_SEARCH_USER_PATHS = NO;
				CLANG_ANALYZER_NONNULL = YES;
				CLANG_ANALYZER_NUMBER_OBJECT_CONVERSION = YES_AGGRESSIVE;
				CLANG_CXX_LANGUAGE_STANDARD = "gnu++20";
				CLANG_ENABLE_MODULES = YES;
				CLANG_ENABLE_OBJC_ARC = YES;
				CLANG_ENABLE_OBJC_WEAK = YES;
				CLANG_WARN_BLOCK_CAPTURE_AUTORELEASING = YES;
				CLANG_WARN_BOOL_CONVERSION = YES;
				CLANG_WARN_COMMA = YES;
				CLANG_WARN_CONSTANT_CONVERSION = YES;
				CLANG_WARN_DEPRECATED_OBJC_IMPLEMENTATIONS = YES;
				CLANG_WARN_DIRECT_OBJC_ISA_USAGE = YES_ERROR;
				CLANG_WARN_DOCUMENTATION_COMMENTS = YES;
				CLANG_WARN_EMPTY_BODY = YES;
				CLANG_WARN_ENUM_CONVERSION = YES;
				CLANG_WARN_INFINITE_RECURSION = YES;
				CLANG_WARN_INT_CONVERSION = YES;
				CLANG_WARN_NON_LITERAL_NULL_CONVERSION = YES;
				CLANG_WARN_OBJC_IMPLICIT_RETAIN_SELF = YES;
				CLANG_WARN_OBJC_LITERAL_CONVERSION = YES;
				CLANG_WARN_OBJC_ROOT_CLASS = YES_ERROR;
				CLANG_WARN_QUOTED_INCLUDE_IN_FRAMEWORK_HEADER = YES;
				CLANG_WARN_RANGE_LOOP_ANALYSIS = YES;
				CLANG_WARN_STRICT_PROTOTYPES = YES;
				CLANG_WARN_SUSPICIOUS_MOVE = YES;
				CLANG_WARN_UNGUARDED_AVAILABILITY = YES_AGGRESSIVE;
				CLANG_WARN_UNREACHABLE_CODE = YES;
				CLANG_WARN__DUPLICATE_METHOD_MATCH = YES;
				COPY_PHASE_STRIP = NO;
				DEBUG_INFORMATION_FORMAT = dwarf;
				ENABLE_STRICT_OBJC_MSGSEND = YES;
				ENABLE_TESTABILITY = YES;
				GCC_C_LANGUAGE_STANDARD = gnu11;
				GCC_DYNAMIC_NO_PIC = NO;
				GCC_NO_COMMON_BLOCKS = YES;
				GCC_OPTIMIZATION_LEVEL = 0;
				GCC_PREPROCESSOR_DEFINITIONS = (
					"DEBUG=1",
					"$(inherited)",
				);
				GCC_WARN_64_TO_32_BIT_CONVERSION = YES;
				GCC_WARN_ABOUT_RETURN_TYPE = YES_ERROR;
				GCC_WARN_UNDECLARED_SELECTOR = YES;
				GCC_WARN_UNINITIALIZED_AUTOS = YES_AGGRESSIVE;
				GCC_WARN_UNUSED_FUNCTION = YES;
				GCC_WARN_UNUSED_VARIABLE = YES;
				IPHONEOS_DEPLOYMENT_TARGET = 16.2;
				MTL_ENABLE_DEBUG_INFO = INCLUDE_SOURCE;
				MTL_FAST_MATH = YES;
				ONLY_ACTIVE_ARCH = YES;
				SDKROOT = iphoneos;
				SWIFT_ACTIVE_COMPILATION_CONDITIONS = DEBUG;
				SWIFT_OPTIMIZATION_LEVEL = "-Onone";
			};
			name = Debug;
		};
		D9FD081529AA476400D53DE5 /* Release */ = {
			isa = XCBuildConfiguration;
			buildSettings = {
				ALWAYS_SEARCH_USER_PATHS = NO;
				CLANG_ANALYZER_NONNULL = YES;
				CLANG_ANALYZER_NUMBER_OBJECT_CONVERSION = YES_AGGRESSIVE;
				CLANG_CXX_LANGUAGE_STANDARD = "gnu++20";
				CLANG_ENABLE_MODULES = YES;
				CLANG_ENABLE_OBJC_ARC = YES;
				CLANG_ENABLE_OBJC_WEAK = YES;
				CLANG_WARN_BLOCK_CAPTURE_AUTORELEASING = YES;
				CLANG_WARN_BOOL_CONVERSION = YES;
				CLANG_WARN_COMMA = YES;
				CLANG_WARN_CONSTANT_CONVERSION = YES;
				CLANG_WARN_DEPRECATED_OBJC_IMPLEMENTATIONS = YES;
				CLANG_WARN_DIRECT_OBJC_ISA_USAGE = YES_ERROR;
				CLANG_WARN_DOCUMENTATION_COMMENTS = YES;
				CLANG_WARN_EMPTY_BODY = YES;
				CLANG_WARN_ENUM_CONVERSION = YES;
				CLANG_WARN_INFINITE_RECURSION = YES;
				CLANG_WARN_INT_CONVERSION = YES;
				CLANG_WARN_NON_LITERAL_NULL_CONVERSION = YES;
				CLANG_WARN_OBJC_IMPLICIT_RETAIN_SELF = YES;
				CLANG_WARN_OBJC_LITERAL_CONVERSION = YES;
				CLANG_WARN_OBJC_ROOT_CLASS = YES_ERROR;
				CLANG_WARN_QUOTED_INCLUDE_IN_FRAMEWORK_HEADER = YES;
				CLANG_WARN_RANGE_LOOP_ANALYSIS = YES;
				CLANG_WARN_STRICT_PROTOTYPES = YES;
				CLANG_WARN_SUSPICIOUS_MOVE = YES;
				CLANG_WARN_UNGUARDED_AVAILABILITY = YES_AGGRESSIVE;
				CLANG_WARN_UNREACHABLE_CODE = YES;
				CLANG_WARN__DUPLICATE_METHOD_MATCH = YES;
				COPY_PHASE_STRIP = NO;
				DEBUG_INFORMATION_FORMAT = "dwarf-with-dsym";
				ENABLE_NS_ASSERTIONS = NO;
				ENABLE_STRICT_OBJC_MSGSEND = YES;
				GCC_C_LANGUAGE_STANDARD = gnu11;
				GCC_NO_COMMON_BLOCKS = YES;
				GCC_WARN_64_TO_32_BIT_CONVERSION = YES;
				GCC_WARN_ABOUT_RETURN_TYPE = YES_ERROR;
				GCC_WARN_UNDECLARED_SELECTOR = YES;
				GCC_WARN_UNINITIALIZED_AUTOS = YES_AGGRESSIVE;
				GCC_WARN_UNUSED_FUNCTION = YES;
				GCC_WARN_UNUSED_VARIABLE = YES;
				IPHONEOS_DEPLOYMENT_TARGET = 16.2;
				MTL_ENABLE_DEBUG_INFO = NO;
				MTL_FAST_MATH = YES;
				SDKROOT = iphoneos;
				SWIFT_COMPILATION_MODE = wholemodule;
				SWIFT_OPTIMIZATION_LEVEL = "-O";
				VALIDATE_PRODUCT = YES;
			};
			name = Release;
		};
		D9FD081729AA476400D53DE5 /* Debug */ = {
			isa = XCBuildConfiguration;
			buildSettings = {
				ASSETCATALOG_COMPILER_APPICON_NAME = AppIcon;
				ASSETCATALOG_COMPILER_GLOBAL_ACCENT_COLOR_NAME = AccentColor;
				CODE_SIGN_STYLE = Automatic;
				CURRENT_PROJECT_VERSION = 1;
				DEVELOPMENT_ASSET_PATHS = "\"Blugit_v2/Preview Content\"";
				DEVELOPMENT_TEAM = MG8DTPV84D;
				ENABLE_PREVIEWS = YES;
				GENERATE_INFOPLIST_FILE = YES;
				INFOPLIST_FILE = "Blugit-v2-Info.plist";
				INFOPLIST_KEY_UIApplicationSceneManifest_Generation = YES;
				INFOPLIST_KEY_UIApplicationSupportsIndirectInputEvents = YES;
				INFOPLIST_KEY_UILaunchScreen_Generation = YES;
				INFOPLIST_KEY_UISupportedInterfaceOrientations_iPad = "UIInterfaceOrientationPortrait UIInterfaceOrientationPortraitUpsideDown UIInterfaceOrientationLandscapeLeft UIInterfaceOrientationLandscapeRight";
				INFOPLIST_KEY_UISupportedInterfaceOrientations_iPhone = "UIInterfaceOrientationPortrait UIInterfaceOrientationLandscapeLeft UIInterfaceOrientationLandscapeRight";
				LD_RUNPATH_SEARCH_PATHS = (
					"$(inherited)",
					"@executable_path/Frameworks",
				);
				MARKETING_VERSION = 1.0;
				PRODUCT_BUNDLE_IDENTIFIER = "ThibaultGodefroy.Blugit-v2";
				PRODUCT_NAME = "$(TARGET_NAME)";
				SWIFT_EMIT_LOC_STRINGS = YES;
				SWIFT_VERSION = 5.0;
				TARGETED_DEVICE_FAMILY = "1,2";
			};
			name = Debug;
		};
		D9FD081829AA476400D53DE5 /* Release */ = {
			isa = XCBuildConfiguration;
			buildSettings = {
				ASSETCATALOG_COMPILER_APPICON_NAME = AppIcon;
				ASSETCATALOG_COMPILER_GLOBAL_ACCENT_COLOR_NAME = AccentColor;
				CODE_SIGN_STYLE = Automatic;
				CURRENT_PROJECT_VERSION = 1;
				DEVELOPMENT_ASSET_PATHS = "\"Blugit_v2/Preview Content\"";
				DEVELOPMENT_TEAM = MG8DTPV84D;
				ENABLE_PREVIEWS = YES;
				GENERATE_INFOPLIST_FILE = YES;
				INFOPLIST_FILE = "Blugit-v2-Info.plist";
				INFOPLIST_KEY_UIApplicationSceneManifest_Generation = YES;
				INFOPLIST_KEY_UIApplicationSupportsIndirectInputEvents = YES;
				INFOPLIST_KEY_UILaunchScreen_Generation = YES;
				INFOPLIST_KEY_UISupportedInterfaceOrientations_iPad = "UIInterfaceOrientationPortrait UIInterfaceOrientationPortraitUpsideDown UIInterfaceOrientationLandscapeLeft UIInterfaceOrientationLandscapeRight";
				INFOPLIST_KEY_UISupportedInterfaceOrientations_iPhone = "UIInterfaceOrientationPortrait UIInterfaceOrientationLandscapeLeft UIInterfaceOrientationLandscapeRight";
				LD_RUNPATH_SEARCH_PATHS = (
					"$(inherited)",
					"@executable_path/Frameworks",
				);
				MARKETING_VERSION = 1.0;
				PRODUCT_BUNDLE_IDENTIFIER = "ThibaultGodefroy.Blugit-v2";
				PRODUCT_NAME = "$(TARGET_NAME)";
				SWIFT_EMIT_LOC_STRINGS = YES;
				SWIFT_VERSION = 5.0;
				TARGETED_DEVICE_FAMILY = "1,2";
			};
			name = Release;
		};
		D9FD081A29AA476400D53DE5 /* Debug */ = {
			isa = XCBuildConfiguration;
			buildSettings = {
				ALWAYS_EMBED_SWIFT_STANDARD_LIBRARIES = YES;
				BUNDLE_LOADER = "$(TEST_HOST)";
				CODE_SIGN_STYLE = Automatic;
				CURRENT_PROJECT_VERSION = 1;
				DEVELOPMENT_TEAM = MG8DTPV84D;
				GENERATE_INFOPLIST_FILE = YES;
				IPHONEOS_DEPLOYMENT_TARGET = 16.2;
				MARKETING_VERSION = 1.0;
				PRODUCT_BUNDLE_IDENTIFIER = "ThibaultGodefroy.Blugit-v2Tests";
				PRODUCT_NAME = "$(TARGET_NAME)";
				SWIFT_EMIT_LOC_STRINGS = NO;
				SWIFT_VERSION = 5.0;
				TARGETED_DEVICE_FAMILY = "1,2";
				TEST_HOST = "$(BUILT_PRODUCTS_DIR)/Blugit_v2.app/$(BUNDLE_EXECUTABLE_FOLDER_PATH)/Blugit_v2";
			};
			name = Debug;
		};
		D9FD081B29AA476400D53DE5 /* Release */ = {
			isa = XCBuildConfiguration;
			buildSettings = {
				ALWAYS_EMBED_SWIFT_STANDARD_LIBRARIES = YES;
				BUNDLE_LOADER = "$(TEST_HOST)";
				CODE_SIGN_STYLE = Automatic;
				CURRENT_PROJECT_VERSION = 1;
				DEVELOPMENT_TEAM = MG8DTPV84D;
				GENERATE_INFOPLIST_FILE = YES;
				IPHONEOS_DEPLOYMENT_TARGET = 16.2;
				MARKETING_VERSION = 1.0;
				PRODUCT_BUNDLE_IDENTIFIER = "ThibaultGodefroy.Blugit-v2Tests";
				PRODUCT_NAME = "$(TARGET_NAME)";
				SWIFT_EMIT_LOC_STRINGS = NO;
				SWIFT_VERSION = 5.0;
				TARGETED_DEVICE_FAMILY = "1,2";
				TEST_HOST = "$(BUILT_PRODUCTS_DIR)/Blugit_v2.app/$(BUNDLE_EXECUTABLE_FOLDER_PATH)/Blugit_v2";
			};
			name = Release;
		};
		D9FD081D29AA476400D53DE5 /* Debug */ = {
			isa = XCBuildConfiguration;
			buildSettings = {
				ALWAYS_EMBED_SWIFT_STANDARD_LIBRARIES = YES;
				CODE_SIGN_STYLE = Automatic;
				CURRENT_PROJECT_VERSION = 1;
				DEVELOPMENT_TEAM = MG8DTPV84D;
				GENERATE_INFOPLIST_FILE = YES;
				MARKETING_VERSION = 1.0;
				PRODUCT_BUNDLE_IDENTIFIER = "ThibaultGodefroy.Blugit-v2UITests";
				PRODUCT_NAME = "$(TARGET_NAME)";
				SWIFT_EMIT_LOC_STRINGS = NO;
				SWIFT_VERSION = 5.0;
				TARGETED_DEVICE_FAMILY = "1,2";
				TEST_TARGET_NAME = Blugit_v2;
			};
			name = Debug;
		};
		D9FD081E29AA476400D53DE5 /* Release */ = {
			isa = XCBuildConfiguration;
			buildSettings = {
				ALWAYS_EMBED_SWIFT_STANDARD_LIBRARIES = YES;
				CODE_SIGN_STYLE = Automatic;
				CURRENT_PROJECT_VERSION = 1;
				DEVELOPMENT_TEAM = MG8DTPV84D;
				GENERATE_INFOPLIST_FILE = YES;
				MARKETING_VERSION = 1.0;
				PRODUCT_BUNDLE_IDENTIFIER = "ThibaultGodefroy.Blugit-v2UITests";
				PRODUCT_NAME = "$(TARGET_NAME)";
				SWIFT_EMIT_LOC_STRINGS = NO;
				SWIFT_VERSION = 5.0;
				TARGETED_DEVICE_FAMILY = "1,2";
				TEST_TARGET_NAME = Blugit_v2;
			};
			name = Release;
		};
/* End XCBuildConfiguration section */

/* Begin XCConfigurationList section */
		D9FD07ED29AA476200D53DE5 /* Build configuration list for PBXProject "Blugit_v2" */ = {
			isa = XCConfigurationList;
			buildConfigurations = (
				D9FD081429AA476400D53DE5 /* Debug */,
				D9FD081529AA476400D53DE5 /* Release */,
			);
			defaultConfigurationIsVisible = 0;
			defaultConfigurationName = Release;
		};
		D9FD081629AA476400D53DE5 /* Build configuration list for PBXNativeTarget "Blugit_v2" */ = {
			isa = XCConfigurationList;
			buildConfigurations = (
				D9FD081729AA476400D53DE5 /* Debug */,
				D9FD081829AA476400D53DE5 /* Release */,
			);
			defaultConfigurationIsVisible = 0;
			defaultConfigurationName = Release;
		};
		D9FD081929AA476400D53DE5 /* Build configuration list for PBXNativeTarget "Blugit_v2Tests" */ = {
			isa = XCConfigurationList;
			buildConfigurations = (
				D9FD081A29AA476400D53DE5 /* Debug */,
				D9FD081B29AA476400D53DE5 /* Release */,
			);
			defaultConfigurationIsVisible = 0;
			defaultConfigurationName = Release;
		};
		D9FD081C29AA476400D53DE5 /* Build configuration list for PBXNativeTarget "Blugit_v2UITests" */ = {
			isa = XCConfigurationList;
			buildConfigurations = (
				D9FD081D29AA476400D53DE5 /* Debug */,
				D9FD081E29AA476400D53DE5 /* Release */,
			);
			defaultConfigurationIsVisible = 0;
			defaultConfigurationName = Release;
		};
/* End XCConfigurationList section */
	};
	rootObject = D9FD07EA29AA476200D53DE5 /* Project object */;
}
